{
  "name": "easy-bsky-bot-sdk",
  "version": "0.1.2",
  "lockfileVersion": 3,
  "requires": true,
  "packages": {
    "": {
      "name": "easy-bsky-bot-sdk",
      "version": "0.1.2",
      "license": "SEE LICENSE IN LICENSE",
      "dependencies": {
        "@atproto/api": "latest",
        "@atproto/xrpc": "latest",
        "node-fetch": "^3.3.1"
      },
      "devDependencies": {
        "@types/node": "^18.16.3",
        "typescript": "^5.0.4"
      }
    },
    "node_modules/@atproto/api": {
      "version": "0.2.11",
      "resolved": "https://registry.npmjs.org/@atproto/api/-/api-0.2.11.tgz",
      "integrity": "sha512-5JY1Ii/81Bcy1ZTGRqALsaOdc8fIJTSlMNoSptpGH73uAPQE93weDrb8sc3KoxWi1G2ss3IIBSLPJWxALocJSQ==",
      "dependencies": {
        "@atproto/common-web": "*",
        "@atproto/uri": "*",
        "@atproto/xrpc": "*",
        "tlds": "^1.234.0",
        "typed-emitter": "^2.1.0"
      }
    },
    "node_modules/@atproto/common-web": {
      "version": "0.1.0",
      "resolved": "https://registry.npmjs.org/@atproto/common-web/-/common-web-0.1.0.tgz",
      "integrity": "sha512-qD6xF60hvH+cP++fk/mt+0S9cxs94KsK+rNWypNlgnlp7r9By4ltXwtDSR/DNTA8mwDeularUno4VbTd2IWIzA==",
      "dependencies": {
        "multiformats": "^9.6.4",
        "uint8arrays": "3.0.0",
        "zod": "^3.14.2"
      }
    },
    "node_modules/@atproto/identifier": {
      "version": "0.1.0",
      "resolved": "https://registry.npmjs.org/@atproto/identifier/-/identifier-0.1.0.tgz",
      "integrity": "sha512-3LV7+4E6S0k8Rru7NBkyDF6Zf6NHVUXVS9d4l9fiXWMC49ghZMjq0vPmz80xjG1rRuFdJFbpRf4ApFciGxLIyQ==",
      "dependencies": {
        "@atproto/common-web": "*"
      }
    },
    "node_modules/@atproto/lexicon": {
      "version": "0.1.0",
      "resolved": "https://registry.npmjs.org/@atproto/lexicon/-/lexicon-0.1.0.tgz",
      "integrity": "sha512-Iy+gV9w42xLhrZrmcbZh7VFoHjXuzWvecGHIfz44owNjjv7aE/d2P5BbOX/XicSkmQ8Qkpg0BqwYDD1XBVS+DQ==",
      "dependencies": {
        "@atproto/common-web": "*",
        "@atproto/identifier": "*",
        "@atproto/nsid": "*",
        "@atproto/uri": "*",
        "iso-datestring-validator": "^2.2.2",
        "multiformats": "^9.6.4",
        "zod": "^3.14.2"
      }
    },
    "node_modules/@atproto/nsid": {
      "version": "0.0.1",
      "resolved": "https://registry.npmjs.org/@atproto/nsid/-/nsid-0.0.1.tgz",
      "integrity": "sha512-t5M6/CzWBVYoBbIvfKDpqPj/+ZmyoK9ydZSStcTXosJ27XXwOPhz0VDUGKK2SM9G5Y7TPes8S5KTAU0UdVYFCw=="
    },
    "node_modules/@atproto/uri": {
      "version": "0.0.2",
      "resolved": "https://registry.npmjs.org/@atproto/uri/-/uri-0.0.2.tgz",
      "integrity": "sha512-/6otLZF7BLpT9suSdHuXLbL12nINcWPsLmcOI+dctqovWUjH+XIRVNXDQgBYSrPVetxMiknuEwWelmnA33AEXg==",
      "dependencies": {
        "@atproto/identifier": "*",
        "@atproto/nsid": "*"
      }
    },
    "node_modules/@atproto/xrpc": {
      "version": "0.1.0",
      "resolved": "https://registry.npmjs.org/@atproto/xrpc/-/xrpc-0.1.0.tgz",
      "integrity": "sha512-LhBeZkQwPezjEtricGYnG62udFglOqlnmMSS0KyWgEAPi4KMp4H2F4jNoXcf5NPtZ9S4N4hJaErHX4PJYv2lfA==",
      "dependencies": {
        "@atproto/lexicon": "*",
        "zod": "^3.14.2"
      }
    },
    "node_modules/@types/node": {
      "version": "18.16.3",
      "resolved": "https://registry.npmjs.org/@types/node/-/node-18.16.3.tgz",
      "integrity": "sha512-OPs5WnnT1xkCBiuQrZA4+YAV4HEJejmHneyraIaxsbev5yCEr6KMwINNFP9wQeFIw8FWcoTqF3vQsa5CDaI+8Q==",
      "dev": true
    },
    "node_modules/data-uri-to-buffer": {
      "version": "4.0.1",
      "resolved": "https://registry.npmjs.org/data-uri-to-buffer/-/data-uri-to-buffer-4.0.1.tgz",
      "integrity": "sha512-0R9ikRb668HB7QDxT1vkpuUBtqc53YyAwMwGeUFKRojY/NWKvdZ+9UYtRfGmhqNbRkTSVpMbmyhXipFFv2cb/A==",
      "engines": {
        "node": ">= 12"
      }
    },
    "node_modules/fetch-blob": {
      "version": "3.2.0",
      "resolved": "https://registry.npmjs.org/fetch-blob/-/fetch-blob-3.2.0.tgz",
      "integrity": "sha512-7yAQpD2UMJzLi1Dqv7qFYnPbaPx7ZfFK6PiIxQ4PfkGPyNyl2Ugx+a/umUonmKqjhM4DnfbMvdX6otXq83soQQ==",
      "funding": [
        {
          "type": "github",
          "url": "https://github.com/sponsors/jimmywarting"
        },
        {
          "type": "paypal",
          "url": "https://paypal.me/jimmywarting"
        }
      ],
      "dependencies": {
        "node-domexception": "^1.0.0",
        "web-streams-polyfill": "^3.0.3"
      },
      "engines": {
        "node": "^12.20 || >= 14.13"
      }
    },
    "node_modules/formdata-polyfill": {
      "version": "4.0.10",
      "resolved": "https://registry.npmjs.org/formdata-polyfill/-/formdata-polyfill-4.0.10.tgz",
      "integrity": "sha512-buewHzMvYL29jdeQTVILecSaZKnt/RJWjoZCF5OW60Z67/GmSLBkOFM7qh1PI3zFNtJbaZL5eQu1vLfazOwj4g==",
      "dependencies": {
        "fetch-blob": "^3.1.2"
      },
      "engines": {
        "node": ">=12.20.0"
      }
    },
    "node_modules/iso-datestring-validator": {
      "version": "2.2.2",
      "resolved": "https://registry.npmjs.org/iso-datestring-validator/-/iso-datestring-validator-2.2.2.tgz",
      "integrity": "sha512-yLEMkBbLZTlVQqOnQ4FiMujR6T4DEcCb1xizmvXS+OxuhwcbtynoosRzdMA69zZCShCNAbi+gJ71FxZBBXx1SA=="
    },
    "node_modules/multiformats": {
      "version": "9.9.0",
      "resolved": "https://registry.npmjs.org/multiformats/-/multiformats-9.9.0.tgz",
      "integrity": "sha512-HoMUjhH9T8DDBNT+6xzkrd9ga/XiBI4xLr58LJACwK6G3HTOPeMz4nB4KJs33L2BelrIJa7P0VuNaVF3hMYfjg=="
    },
    "node_modules/node-domexception": {
      "version": "1.0.0",
      "resolved": "https://registry.npmjs.org/node-domexception/-/node-domexception-1.0.0.tgz",
      "integrity": "sha512-/jKZoMpw0F8GRwl4/eLROPA3cfcXtLApP0QzLmUT/HuPCZWyB7IY9ZrMeKw2O/nFIqPQB3PVM9aYm0F312AXDQ==",
      "funding": [
        {
          "type": "github",
          "url": "https://github.com/sponsors/jimmywarting"
        },
        {
          "type": "github",
          "url": "https://paypal.me/jimmywarting"
        }
      ],
      "engines": {
        "node": ">=10.5.0"
      }
    },
    "node_modules/node-fetch": {
      "version": "3.3.1",
      "resolved": "https://registry.npmjs.org/node-fetch/-/node-fetch-3.3.1.tgz",
      "integrity": "sha512-cRVc/kyto/7E5shrWca1Wsea4y6tL9iYJE5FBCius3JQfb/4P4I295PfhgbJQBLTx6lATE4z+wK0rPM4VS2uow==",
      "dependencies": {
        "data-uri-to-buffer": "^4.0.0",
        "fetch-blob": "^3.1.4",
        "formdata-polyfill": "^4.0.10"
      },
      "engines": {
        "node": "^12.20.0 || ^14.13.1 || >=16.0.0"
      },
      "funding": {
        "type": "opencollective",
        "url": "https://opencollective.com/node-fetch"
      }
    },
    "node_modules/rxjs": {
      "version": "7.8.1",
      "resolved": "https://registry.npmjs.org/rxjs/-/rxjs-7.8.1.tgz",
      "integrity": "sha512-AA3TVj+0A2iuIoQkWEK/tqFjBq2j+6PO6Y0zJcvzLAFhEFIO3HL0vls9hWLncZbAAbK0mar7oZ4V079I/qPMxg==",
      "optional": true,
      "dependencies": {
        "tslib": "^2.1.0"
      }
    },
    "node_modules/tlds": {
      "version": "1.238.0",
      "resolved": "https://registry.npmjs.org/tlds/-/tlds-1.238.0.tgz",
      "integrity": "sha512-lFPF9pZFhLrPodaJ0wt9QIN0l8jOxqmUezGZnm7BfkDSVd9q667oVIJukLVzhF+4oW7uDlrLlfJrL5yu9RWwew==",
      "bin": {
        "tlds": "bin.js"
      }
    },
    "node_modules/tslib": {
      "version": "2.5.0",
      "resolved": "https://registry.npmjs.org/tslib/-/tslib-2.5.0.tgz",
      "integrity": "sha512-336iVw3rtn2BUK7ORdIAHTyxHGRIHVReokCR3XjbckJMK7ms8FysBfhLR8IXnAgy7T0PTPNBWKiH514FOW/WSg==",
      "optional": true
    },
    "node_modules/typed-emitter": {
      "version": "2.1.0",
      "resolved": "https://registry.npmjs.org/typed-emitter/-/typed-emitter-2.1.0.tgz",
      "integrity": "sha512-g/KzbYKbH5C2vPkaXGu8DJlHrGKHLsM25Zg9WuC9pMGfuvT+X25tZQWo5fK1BjBm8+UrVE9LDCvaY0CQk+fXDA==",
      "optionalDependencies": {
        "rxjs": "*"
      }
    },
    "node_modules/typescript": {
      "version": "5.0.4",
      "resolved": "https://registry.npmjs.org/typescript/-/typescript-5.0.4.tgz",
      "integrity": "sha512-cW9T5W9xY37cc+jfEnaUvX91foxtHkza3Nw3wkoF4sSlKn0MONdkdEndig/qPBWXNkmplh3NzayQzCiHM4/hqw==",
      "dev": true,
      "bin": {
        "tsc": "bin/tsc",
        "tsserver": "bin/tsserver"
      },
      "engines": {
        "node": ">=12.20"
      }
    },
    "node_modules/uint8arrays": {
      "version": "3.0.0",
      "resolved": "https://registry.npmjs.org/uint8arrays/-/uint8arrays-3.0.0.tgz",
      "integrity": "sha512-HRCx0q6O9Bfbp+HHSfQQKD7wU70+lydKVt4EghkdOvlK/NlrF90z+eXV34mUd48rNvVJXwkrMSPpCATkct8fJA==",
      "dependencies": {
        "multiformats": "^9.4.2"
      }
    },
    "node_modules/web-streams-polyfill": {
      "version": "3.2.1",
      "resolved": "https://registry.npmjs.org/web-streams-polyfill/-/web-streams-polyfill-3.2.1.tgz",
      "integrity": "sha512-e0MO3wdXWKrLbL0DgGnUV7WHVuw9OUvL4hjgnPkIeEvESk74gAITi5G606JtZPp39cd8HA9VQzCIvA49LpPN5Q==",
      "engines": {
        "node": ">= 8"
      }
    },
    "node_modules/zod": {
      "version": "3.21.4",
      "resolved": "https://registry.npmjs.org/zod/-/zod-3.21.4.tgz",
      "integrity": "sha512-m46AKbrzKVzOzs/DZgVnG5H55N1sv1M8qZU3A8RIKbs3mrACDNeIOeilDymVb2HdmP8uwshOCF4uJ8uM9rCqJw==",
      "funding": {
        "url": "https://github.com/sponsors/colinhacks"
      }
    }
  }
}
